// !$*UTF8*$!
{
	archiveVersion = 1;
	classes = {
	};
	objectVersion = 50;
	objects = {

/* Begin PBXBuildFile section */
		0A0CC049251533830067F663 /* DiometroApp.swift in Sources */ = {isa = PBXBuildFile; fileRef = 0A0CC048251533830067F663 /* DiometroApp.swift */; };
		0A0CC04B251533830067F663 /* HomeView.swift in Sources */ = {isa = PBXBuildFile; fileRef = 0A0CC04A251533830067F663 /* HomeView.swift */; };
		0A0CC04D251533840067F663 /* Assets.xcassets in Resources */ = {isa = PBXBuildFile; fileRef = 0A0CC04C251533840067F663 /* Assets.xcassets */; };
		0A0CC050251533840067F663 /* Preview Assets.xcassets in Resources */ = {isa = PBXBuildFile; fileRef = 0A0CC04F251533840067F663 /* Preview Assets.xcassets */; };
		0A1D2551251A52F200E6EBE6 /* LocationManager.swift in Sources */ = {isa = PBXBuildFile; fileRef = 0A1D2550251A52F200E6EBE6 /* LocationManager.swift */; };
		0A1D255A251A5D0C00E6EBE6 /* SunriseSunsetModel.swift in Sources */ = {isa = PBXBuildFile; fileRef = 0A1D2559251A5D0C00E6EBE6 /* SunriseSunsetModel.swift */; };
		0A56E0DF26D86AE6000A408A /* DayNightView.swift in Sources */ = {isa = PBXBuildFile; fileRef = 0A56E0DE26D86AE6000A408A /* DayNightView.swift */; };
		0A56E0E126D86B36000A408A /* ImageClassifier.swift in Sources */ = {isa = PBXBuildFile; fileRef = 0A56E0E026D86B36000A408A /* ImageClassifier.swift */; };
		0A59A64E27270FB7006634EA /* Repository.swift in Sources */ = {isa = PBXBuildFile; fileRef = 0A59A64D27270FB7006634EA /* Repository.swift */; };
		0A59A65027270FD0006634EA /* AppContainer.swift in Sources */ = {isa = PBXBuildFile; fileRef = 0A59A64F27270FD0006634EA /* AppContainer.swift */; };
		0A602577251AD3B4002A7275 /* CameraManager.swift in Sources */ = {isa = PBXBuildFile; fileRef = 0A602576251AD3B4002A7275 /* CameraManager.swift */; };
		0A60257E251AEA85002A7275 /* MotionManager.swift in Sources */ = {isa = PBXBuildFile; fileRef = 0A60257D251AEA85002A7275 /* MotionManager.swift */; };
		0A6BF4A9251C422400E8F01E /* Sky.mlmodel in Sources */ = {isa = PBXBuildFile; fileRef = 0A6BF4A8251C422400E8F01E /* Sky.mlmodel */; };
		0A6BF4AF251C5ADE00E8F01E /* AVFoundationManager.swift in Sources */ = {isa = PBXBuildFile; fileRef = 0A6BF4AE251C5ADE00E8F01E /* AVFoundationManager.swift */; };
		0ABC74D227278F01007C7514 /* HomeFeaturesView.swift in Sources */ = {isa = PBXBuildFile; fileRef = 0ABC74D127278F01007C7514 /* HomeFeaturesView.swift */; };
		0ABC74D42727918C007C7514 /* QuotableAPI.swift in Sources */ = {isa = PBXBuildFile; fileRef = 0ABC74D32727918C007C7514 /* QuotableAPI.swift */; };
		0ABC74D727279B1F007C7514 /* Extensions.swift in Sources */ = {isa = PBXBuildFile; fileRef = 0ABC74D627279B1F007C7514 /* Extensions.swift */; };
		0ABC74D927279F2F007C7514 /* FactModel.swift in Sources */ = {isa = PBXBuildFile; fileRef = 0ABC74D827279F2F007C7514 /* FactModel.swift */; };
		0ABC74DB2727A693007C7514 /* BoredModel.swift in Sources */ = {isa = PBXBuildFile; fileRef = 0ABC74DA2727A693007C7514 /* BoredModel.swift */; };
		0ABC74E02727DE1C007C7514 /* NotificationManager.swift in Sources */ = {isa = PBXBuildFile; fileRef = 0ABC74DF2727DE1C007C7514 /* NotificationManager.swift */; };
		0AD8E3AE2725B17400B12501 /* DiometroAPIModel.swift in Sources */ = {isa = PBXBuildFile; fileRef = 0AD8E3AD2725B17400B12501 /* DiometroAPIModel.swift */; };
		0AD8E3B12725B34200B12501 /* APIRequests.swift in Sources */ = {isa = PBXBuildFile; fileRef = 0AD8E3B02725B34200B12501 /* APIRequests.swift */; };
		0AD8E3B42725BBF400B12501 /* CameraView.swift in Sources */ = {isa = PBXBuildFile; fileRef = 0AD8E3B32725BBF400B12501 /* CameraView.swift */; };
		0AD9A0A526D83E9400DE0D2B /* ThanksView.swift in Sources */ = {isa = PBXBuildFile; fileRef = 0AD9A0A426D83E9400DE0D2B /* ThanksView.swift */; };
		0AE5073525155BA700FBFF25 /* TimeManager.swift in Sources */ = {isa = PBXBuildFile; fileRef = 0AE5073425155BA700FBFF25 /* TimeManager.swift */; };
/* End PBXBuildFile section */

/* Begin PBXFileReference section */
		0A0CC045251533830067F663 /* Diometro.app */ = {isa = PBXFileReference; explicitFileType = wrapper.application; includeInIndex = 0; path = Diometro.app; sourceTree = BUILT_PRODUCTS_DIR; };
		0A0CC048251533830067F663 /* DiometroApp.swift */ = {isa = PBXFileReference; lastKnownFileType = sourcecode.swift; path = DiometroApp.swift; sourceTree = "<group>"; };
		0A0CC04A251533830067F663 /* HomeView.swift */ = {isa = PBXFileReference; lastKnownFileType = sourcecode.swift; path = HomeView.swift; sourceTree = "<group>"; };
		0A0CC04C251533840067F663 /* Assets.xcassets */ = {isa = PBXFileReference; lastKnownFileType = folder.assetcatalog; path = Assets.xcassets; sourceTree = "<group>"; };
		0A0CC04F251533840067F663 /* Preview Assets.xcassets */ = {isa = PBXFileReference; lastKnownFileType = folder.assetcatalog; path = "Preview Assets.xcassets"; sourceTree = "<group>"; };
		0A0CC051251533840067F663 /* Info.plist */ = {isa = PBXFileReference; lastKnownFileType = text.plist.xml; path = Info.plist; sourceTree = "<group>"; };
		0A1D2550251A52F200E6EBE6 /* LocationManager.swift */ = {isa = PBXFileReference; lastKnownFileType = sourcecode.swift; path = LocationManager.swift; sourceTree = "<group>"; };
		0A1D2559251A5D0C00E6EBE6 /* SunriseSunsetModel.swift */ = {isa = PBXFileReference; lastKnownFileType = sourcecode.swift; path = SunriseSunsetModel.swift; sourceTree = "<group>"; };
		0A56E0DE26D86AE6000A408A /* DayNightView.swift */ = {isa = PBXFileReference; lastKnownFileType = sourcecode.swift; path = DayNightView.swift; sourceTree = "<group>"; };
		0A56E0E026D86B36000A408A /* ImageClassifier.swift */ = {isa = PBXFileReference; lastKnownFileType = sourcecode.swift; path = ImageClassifier.swift; sourceTree = "<group>"; };
		0A59A64D27270FB7006634EA /* Repository.swift */ = {isa = PBXFileReference; lastKnownFileType = sourcecode.swift; path = Repository.swift; sourceTree = "<group>"; };
		0A59A64F27270FD0006634EA /* AppContainer.swift */ = {isa = PBXFileReference; lastKnownFileType = sourcecode.swift; path = AppContainer.swift; sourceTree = "<group>"; };
		0A602576251AD3B4002A7275 /* CameraManager.swift */ = {isa = PBXFileReference; lastKnownFileType = sourcecode.swift; path = CameraManager.swift; sourceTree = "<group>"; };
		0A60257D251AEA85002A7275 /* MotionManager.swift */ = {isa = PBXFileReference; lastKnownFileType = sourcecode.swift; path = MotionManager.swift; sourceTree = "<group>"; };
		0A6BF4A8251C422400E8F01E /* Sky.mlmodel */ = {isa = PBXFileReference; lastKnownFileType = file.mlmodel; path = Sky.mlmodel; sourceTree = "<group>"; };
		0A6BF4AE251C5ADE00E8F01E /* AVFoundationManager.swift */ = {isa = PBXFileReference; lastKnownFileType = sourcecode.swift; path = AVFoundationManager.swift; sourceTree = "<group>"; };
		0ABC74D127278F01007C7514 /* HomeFeaturesView.swift */ = {isa = PBXFileReference; lastKnownFileType = sourcecode.swift; path = HomeFeaturesView.swift; sourceTree = "<group>"; };
		0ABC74D32727918C007C7514 /* QuotableAPI.swift */ = {isa = PBXFileReference; lastKnownFileType = sourcecode.swift; path = QuotableAPI.swift; sourceTree = "<group>"; };
		0ABC74D627279B1F007C7514 /* Extensions.swift */ = {isa = PBXFileReference; lastKnownFileType = sourcecode.swift; path = Extensions.swift; sourceTree = "<group>"; };
		0ABC74D827279F2F007C7514 /* FactModel.swift */ = {isa = PBXFileReference; lastKnownFileType = sourcecode.swift; path = FactModel.swift; sourceTree = "<group>"; };
		0ABC74DA2727A693007C7514 /* BoredModel.swift */ = {isa = PBXFileReference; lastKnownFileType = sourcecode.swift; path = BoredModel.swift; sourceTree = "<group>"; };
		0ABC74DF2727DE1C007C7514 /* NotificationManager.swift */ = {isa = PBXFileReference; lastKnownFileType = sourcecode.swift; path = NotificationManager.swift; sourceTree = "<group>"; };
		0AD8E3AD2725B17400B12501 /* DiometroAPIModel.swift */ = {isa = PBXFileReference; lastKnownFileType = sourcecode.swift; path = DiometroAPIModel.swift; sourceTree = "<group>"; };
		0AD8E3B02725B34200B12501 /* APIRequests.swift */ = {isa = PBXFileReference; lastKnownFileType = sourcecode.swift; path = APIRequests.swift; sourceTree = "<group>"; };
		0AD8E3B32725BBF400B12501 /* CameraView.swift */ = {isa = PBXFileReference; lastKnownFileType = sourcecode.swift; path = CameraView.swift; sourceTree = "<group>"; };
		0AD9A0A426D83E9400DE0D2B /* ThanksView.swift */ = {isa = PBXFileReference; lastKnownFileType = sourcecode.swift; path = ThanksView.swift; sourceTree = "<group>"; };
		0AE5073425155BA700FBFF25 /* TimeManager.swift */ = {isa = PBXFileReference; lastKnownFileType = sourcecode.swift; path = TimeManager.swift; sourceTree = "<group>"; };
/* End PBXFileReference section */

/* Begin PBXFrameworksBuildPhase section */
		0A0CC042251533830067F663 /* Frameworks */ = {
			isa = PBXFrameworksBuildPhase;
			buildActionMask = 2147483647;
			files = (
			);
			runOnlyForDeploymentPostprocessing = 0;
		};
/* End PBXFrameworksBuildPhase section */

/* Begin PBXGroup section */
		0A0CC03C251533830067F663 = {
			isa = PBXGroup;
			children = (
				0A0CC047251533830067F663 /* Diometro */,
				0A0CC046251533830067F663 /* Products */,
			);
			sourceTree = "<group>";
		};
		0A0CC046251533830067F663 /* Products */ = {
			isa = PBXGroup;
			children = (
				0A0CC045251533830067F663 /* Diometro.app */,
			);
			name = Products;
			sourceTree = "<group>";
		};
		0A0CC047251533830067F663 /* Diometro */ = {
			isa = PBXGroup;
			children = (
				0ABC74D527279B15007C7514 /* Common */,
				0AD8E3B62725BC8900B12501 /* Lifecycle */,
				0AD8E3B52725BC4D00B12501 /* Manager */,
				0AD8E3B22725BBB100B12501 /* View */,
				0AD8E3AF2725B1EE00B12501 /* Network */,
				0AD8E3AC2725B15E00B12501 /* Model */,
				0A0CC04C251533840067F663 /* Assets.xcassets */,
				0A0CC051251533840067F663 /* Info.plist */,
				0A0CC04E251533840067F663 /* Preview Content */,
			);
			path = Diometro;
			sourceTree = "<group>";
		};
		0A0CC04E251533840067F663 /* Preview Content */ = {
			isa = PBXGroup;
			children = (
				0A0CC04F251533840067F663 /* Preview Assets.xcassets */,
			);
			path = "Preview Content";
			sourceTree = "<group>";
		};
		0ABC74D527279B15007C7514 /* Common */ = {
			isa = PBXGroup;
			children = (
				0ABC74D627279B1F007C7514 /* Extensions.swift */,
			);
			path = Common;
			sourceTree = "<group>";
		};
		0AD8E3AC2725B15E00B12501 /* Model */ = {
			isa = PBXGroup;
			children = (
				0A6BF4A8251C422400E8F01E /* Sky.mlmodel */,
				0A1D2559251A5D0C00E6EBE6 /* SunriseSunsetModel.swift */,
				0AD8E3AD2725B17400B12501 /* DiometroAPIModel.swift */,
				0ABC74D32727918C007C7514 /* QuotableAPI.swift */,
				0ABC74D827279F2F007C7514 /* FactModel.swift */,
				0ABC74DA2727A693007C7514 /* BoredModel.swift */,
			);
			path = Model;
			sourceTree = "<group>";
		};
		0AD8E3AF2725B1EE00B12501 /* Network */ = {
			isa = PBXGroup;
			children = (
				0AD8E3B02725B34200B12501 /* APIRequests.swift */,
			);
			path = Network;
			sourceTree = "<group>";
		};
		0AD8E3B22725BBB100B12501 /* View */ = {
			isa = PBXGroup;
			children = (
				0AD9A0A426D83E9400DE0D2B /* ThanksView.swift */,
				0AD8E3B32725BBF400B12501 /* CameraView.swift */,
				0A0CC04A251533830067F663 /* HomeView.swift */,
				0A56E0DE26D86AE6000A408A /* DayNightView.swift */,
				0ABC74D127278F01007C7514 /* HomeFeaturesView.swift */,
			);
			path = View;
			sourceTree = "<group>";
		};
		0AD8E3B52725BC4D00B12501 /* Manager */ = {
			isa = PBXGroup;
			children = (
				0AE5073425155BA700FBFF25 /* TimeManager.swift */,
				0A1D2550251A52F200E6EBE6 /* LocationManager.swift */,
				0A602576251AD3B4002A7275 /* CameraManager.swift */,
				0A6BF4AE251C5ADE00E8F01E /* AVFoundationManager.swift */,
				0A60257D251AEA85002A7275 /* MotionManager.swift */,
				0A56E0E026D86B36000A408A /* ImageClassifier.swift */,
				0A59A64D27270FB7006634EA /* Repository.swift */,
				0A59A64F27270FD0006634EA /* AppContainer.swift */,
				0ABC74DF2727DE1C007C7514 /* NotificationManager.swift */,
			);
			path = Manager;
			sourceTree = "<group>";
		};
		0AD8E3B62725BC8900B12501 /* Lifecycle */ = {
			isa = PBXGroup;
			children = (
				0A0CC048251533830067F663 /* DiometroApp.swift */,
			);
			path = Lifecycle;
			sourceTree = "<group>";
		};
/* End PBXGroup section */

/* Begin PBXNativeTarget section */
		0A0CC044251533830067F663 /* Diometro */ = {
			isa = PBXNativeTarget;
			buildConfigurationList = 0A0CC054251533840067F663 /* Build configuration list for PBXNativeTarget "Diometro" */;
			buildPhases = (
				0A0CC041251533830067F663 /* Sources */,
				0A0CC042251533830067F663 /* Frameworks */,
				0A0CC043251533830067F663 /* Resources */,
			);
			buildRules = (
			);
			dependencies = (
			);
			name = Diometro;
			packageProductDependencies = (
			);
			productName = Diometro;
			productReference = 0A0CC045251533830067F663 /* Diometro.app */;
			productType = "com.apple.product-type.application";
		};
/* End PBXNativeTarget section */

/* Begin PBXProject section */
		0A0CC03D251533830067F663 /* Project object */ = {
			isa = PBXProject;
			attributes = {
				LastSwiftUpdateCheck = 1200;
				LastUpgradeCheck = 1200;
				TargetAttributes = {
					0A0CC044251533830067F663 = {
						CreatedOnToolsVersion = 12.0;
					};
				};
			};
			buildConfigurationList = 0A0CC040251533830067F663 /* Build configuration list for PBXProject "Diometro" */;
			compatibilityVersion = "Xcode 9.3";
			developmentRegion = en;
			hasScannedForEncodings = 0;
			knownRegions = (
				en,
				Base,
			);
			mainGroup = 0A0CC03C251533830067F663;
			packageReferences = (
			);
			productRefGroup = 0A0CC046251533830067F663 /* Products */;
			projectDirPath = "";
			projectRoot = "";
			targets = (
				0A0CC044251533830067F663 /* Diometro */,
			);
		};
/* End PBXProject section */

/* Begin PBXResourcesBuildPhase section */
		0A0CC043251533830067F663 /* Resources */ = {
			isa = PBXResourcesBuildPhase;
			buildActionMask = 2147483647;
			files = (
				0A0CC050251533840067F663 /* Preview Assets.xcassets in Resources */,
				0A0CC04D251533840067F663 /* Assets.xcassets in Resources */,
			);
			runOnlyForDeploymentPostprocessing = 0;
		};
/* End PBXResourcesBuildPhase section */

/* Begin PBXSourcesBuildPhase section */
		0A0CC041251533830067F663 /* Sources */ = {
			isa = PBXSourcesBuildPhase;
			buildActionMask = 2147483647;
			files = (
				0ABC74D42727918C007C7514 /* QuotableAPI.swift in Sources */,
				0A56E0DF26D86AE6000A408A /* DayNightView.swift in Sources */,
				0A1D255A251A5D0C00E6EBE6 /* SunriseSunsetModel.swift in Sources */,
				0A60257E251AEA85002A7275 /* MotionManager.swift in Sources */,
				0AD9A0A526D83E9400DE0D2B /* ThanksView.swift in Sources */,
				0A6BF4AF251C5ADE00E8F01E /* AVFoundationManager.swift in Sources */,
				0A56E0E126D86B36000A408A /* ImageClassifier.swift in Sources */,
				0A59A65027270FD0006634EA /* AppContainer.swift in Sources */,
				0AD8E3B12725B34200B12501 /* APIRequests.swift in Sources */,
				0ABC74DB2727A693007C7514 /* BoredModel.swift in Sources */,
				0ABC74D927279F2F007C7514 /* FactModel.swift in Sources */,
				0A0CC04B251533830067F663 /* HomeView.swift in Sources */,
				0A0CC049251533830067F663 /* DiometroApp.swift in Sources */,
				0ABC74D227278F01007C7514 /* HomeFeaturesView.swift in Sources */,
				0A1D2551251A52F200E6EBE6 /* LocationManager.swift in Sources */,
				0A6BF4A9251C422400E8F01E /* Sky.mlmodel in Sources */,
				0A59A64E27270FB7006634EA /* Repository.swift in Sources */,
				0ABC74D727279B1F007C7514 /* Extensions.swift in Sources */,
				0A602577251AD3B4002A7275 /* CameraManager.swift in Sources */,
				0AE5073525155BA700FBFF25 /* TimeManager.swift in Sources */,
				0AD8E3AE2725B17400B12501 /* DiometroAPIModel.swift in Sources */,
				0AD8E3B42725BBF400B12501 /* CameraView.swift in Sources */,
				0ABC74E02727DE1C007C7514 /* NotificationManager.swift in Sources */,
			);
			runOnlyForDeploymentPostprocessing = 0;
		};
/* End PBXSourcesBuildPhase section */

/* Begin XCBuildConfiguration section */
		0A0CC052251533840067F663 /* Debug */ = {
			isa = XCBuildConfiguration;
			buildSettings = {
				ALWAYS_SEARCH_USER_PATHS = NO;
				CLANG_ANALYZER_NONNULL = YES;
				CLANG_ANALYZER_NUMBER_OBJECT_CONVERSION = YES_AGGRESSIVE;
				CLANG_CXX_LANGUAGE_STANDARD = "gnu++14";
				CLANG_CXX_LIBRARY = "libc++";
				CLANG_ENABLE_MODULES = YES;
				CLANG_ENABLE_OBJC_ARC = YES;
				CLANG_ENABLE_OBJC_WEAK = YES;
				CLANG_WARN_BLOCK_CAPTURE_AUTORELEASING = YES;
				CLANG_WARN_BOOL_CONVERSION = YES;
				CLANG_WARN_COMMA = YES;
				CLANG_WARN_CONSTANT_CONVERSION = YES;
				CLANG_WARN_DEPRECATED_OBJC_IMPLEMENTATIONS = YES;
				CLANG_WARN_DIRECT_OBJC_ISA_USAGE = YES_ERROR;
				CLANG_WARN_DOCUMENTATION_COMMENTS = YES;
				CLANG_WARN_EMPTY_BODY = YES;
				CLANG_WARN_ENUM_CONVERSION = YES;
				CLANG_WARN_INFINITE_RECURSION = YES;
				CLANG_WARN_INT_CONVERSION = YES;
				CLANG_WARN_NON_LITERAL_NULL_CONVERSION = YES;
				CLANG_WARN_OBJC_IMPLICIT_RETAIN_SELF = YES;
				CLANG_WARN_OBJC_LITERAL_CONVERSION = YES;
				CLANG_WARN_OBJC_ROOT_CLASS = YES_ERROR;
				CLANG_WARN_QUOTED_INCLUDE_IN_FRAMEWORK_HEADER = YES;
				CLANG_WARN_RANGE_LOOP_ANALYSIS = YES;
				CLANG_WARN_STRICT_PROTOTYPES = YES;
				CLANG_WARN_SUSPICIOUS_MOVE = YES;
				CLANG_WARN_UNGUARDED_AVAILABILITY = YES_AGGRESSIVE;
				CLANG_WARN_UNREACHABLE_CODE = YES;
				CLANG_WARN__DUPLICATE_METHOD_MATCH = YES;
				COPY_PHASE_STRIP = NO;
				DEBUG_INFORMATION_FORMAT = dwarf;
				ENABLE_STRICT_OBJC_MSGSEND = YES;
				ENABLE_TESTABILITY = YES;
				GCC_C_LANGUAGE_STANDARD = gnu11;
				GCC_DYNAMIC_NO_PIC = NO;
				GCC_NO_COMMON_BLOCKS = YES;
				GCC_OPTIMIZATION_LEVEL = 0;
				GCC_PREPROCESSOR_DEFINITIONS = (
					"DEBUG=1",
					"$(inherited)",
				);
				GCC_WARN_64_TO_32_BIT_CONVERSION = YES;
				GCC_WARN_ABOUT_RETURN_TYPE = YES_ERROR;
				GCC_WARN_UNDECLARED_SELECTOR = YES;
				GCC_WARN_UNINITIALIZED_AUTOS = YES_AGGRESSIVE;
				GCC_WARN_UNUSED_FUNCTION = YES;
				GCC_WARN_UNUSED_VARIABLE = YES;
				IPHONEOS_DEPLOYMENT_TARGET = 14.0;
				MTL_ENABLE_DEBUG_INFO = INCLUDE_SOURCE;
				MTL_FAST_MATH = YES;
				ONLY_ACTIVE_ARCH = YES;
				SDKROOT = iphoneos;
				SWIFT_ACTIVE_COMPILATION_CONDITIONS = DEBUG;
				SWIFT_OPTIMIZATION_LEVEL = "-Onone";
			};
			name = Debug;
		};
		0A0CC053251533840067F663 /* Release */ = {
			isa = XCBuildConfiguration;
			buildSettings = {
				ALWAYS_SEARCH_USER_PATHS = NO;
				CLANG_ANALYZER_NONNULL = YES;
				CLANG_ANALYZER_NUMBER_OBJECT_CONVERSION = YES_AGGRESSIVE;
				CLANG_CXX_LANGUAGE_STANDARD = "gnu++14";
				CLANG_CXX_LIBRARY = "libc++";
				CLANG_ENABLE_MODULES = YES;
				CLANG_ENABLE_OBJC_ARC = YES;
				CLANG_ENABLE_OBJC_WEAK = YES;
				CLANG_WARN_BLOCK_CAPTURE_AUTORELEASING = YES;
				CLANG_WARN_BOOL_CONVERSION = YES;
				CLANG_WARN_COMMA = YES;
				CLANG_WARN_CONSTANT_CONVERSION = YES;
				CLANG_WARN_DEPRECATED_OBJC_IMPLEMENTATIONS = YES;
				CLANG_WARN_DIRECT_OBJC_ISA_USAGE = YES_ERROR;
				CLANG_WARN_DOCUMENTATION_COMMENTS = YES;
				CLANG_WARN_EMPTY_BODY = YES;
				CLANG_WARN_ENUM_CONVERSION = YES;
				CLANG_WARN_INFINITE_RECURSION = YES;
				CLANG_WARN_INT_CONVERSION = YES;
				CLANG_WARN_NON_LITERAL_NULL_CONVERSION = YES;
				CLANG_WARN_OBJC_IMPLICIT_RETAIN_SELF = YES;
				CLANG_WARN_OBJC_LITERAL_CONVERSION = YES;
				CLANG_WARN_OBJC_ROOT_CLASS = YES_ERROR;
				CLANG_WARN_QUOTED_INCLUDE_IN_FRAMEWORK_HEADER = YES;
				CLANG_WARN_RANGE_LOOP_ANALYSIS = YES;
				CLANG_WARN_STRICT_PROTOTYPES = YES;
				CLANG_WARN_SUSPICIOUS_MOVE = YES;
				CLANG_WARN_UNGUARDED_AVAILABILITY = YES_AGGRESSIVE;
				CLANG_WARN_UNREACHABLE_CODE = YES;
				CLANG_WARN__DUPLICATE_METHOD_MATCH = YES;
				COPY_PHASE_STRIP = NO;
				DEBUG_INFORMATION_FORMAT = "dwarf-with-dsym";
				ENABLE_NS_ASSERTIONS = NO;
				ENABLE_STRICT_OBJC_MSGSEND = YES;
				GCC_C_LANGUAGE_STANDARD = gnu11;
				GCC_NO_COMMON_BLOCKS = YES;
				GCC_WARN_64_TO_32_BIT_CONVERSION = YES;
				GCC_WARN_ABOUT_RETURN_TYPE = YES_ERROR;
				GCC_WARN_UNDECLARED_SELECTOR = YES;
				GCC_WARN_UNINITIALIZED_AUTOS = YES_AGGRESSIVE;
				GCC_WARN_UNUSED_FUNCTION = YES;
				GCC_WARN_UNUSED_VARIABLE = YES;
				IPHONEOS_DEPLOYMENT_TARGET = 14.0;
				MTL_ENABLE_DEBUG_INFO = NO;
				MTL_FAST_MATH = YES;
				SDKROOT = iphoneos;
				SWIFT_COMPILATION_MODE = wholemodule;
				SWIFT_OPTIMIZATION_LEVEL = "-O";
				VALIDATE_PRODUCT = YES;
			};
			name = Release;
		};
		0A0CC055251533840067F663 /* Debug */ = {
			isa = XCBuildConfiguration;
			buildSettings = {
				ASSETCATALOG_COMPILER_APPICON_NAME = AppIcon;
				ASSETCATALOG_COMPILER_GLOBAL_ACCENT_COLOR_NAME = AccentColor;
				CODE_SIGN_IDENTITY = "Apple Development";
				CODE_SIGN_STYLE = Automatic;
				CURRENT_PROJECT_VERSION = 1.1.0;
				DEVELOPMENT_ASSET_PATHS = "\"Diometro/Preview Content\"";
				DEVELOPMENT_TEAM = 67AYPRFZH8;
				ENABLE_PREVIEWS = YES;
				INFOPLIST_FILE = Diometro/Info.plist;
				IPHONEOS_DEPLOYMENT_TARGET = 14.0;
				LD_RUNPATH_SEARCH_PATHS = (
					"$(inherited)",
					"@executable_path/Frameworks",
				);
				PRODUCT_BUNDLE_IDENTIFIER = com.vitorkrauLES.diometro;
				PRODUCT_NAME = "$(TARGET_NAME)";
				PROVISIONING_PROFILE_SPECIFIER = "";
				SWIFT_VERSION = 5.0;
				TARGETED_DEVICE_FAMILY = 1;
			};
			name = Debug;
		};
		0A0CC056251533840067F663 /* Release */ = {
			isa = XCBuildConfiguration;
			buildSettings = {
				ASSETCATALOG_COMPILER_APPICON_NAME = AppIcon;
				ASSETCATALOG_COMPILER_GLOBAL_ACCENT_COLOR_NAME = AccentColor;
				CODE_SIGN_IDENTITY = "Apple Development";
				CODE_SIGN_STYLE = Automatic;
				CURRENT_PROJECT_VERSION = 1.1.0;
				DEVELOPMENT_ASSET_PATHS = "\"Diometro/Preview Content\"";
				DEVELOPMENT_TEAM = 67AYPRFZH8;
				ENABLE_PREVIEWS = YES;
				INFOPLIST_FILE = Diometro/Info.plist;
				IPHONEOS_DEPLOYMENT_TARGET = 14.0;
				LD_RUNPATH_SEARCH_PATHS = (
					"$(inherited)",
					"@executable_path/Frameworks",
				);
				PRODUCT_BUNDLE_IDENTIFIER = com.vitorkrauLES.diometro;
				PRODUCT_NAME = "$(TARGET_NAME)";
				PROVISIONING_PROFILE_SPECIFIER = "";
				SWIFT_VERSION = 5.0;
				TARGETED_DEVICE_FAMILY = 1;
			};
			name = Release;
		};
/* End XCBuildConfiguration section */

/* Begin XCConfigurationList section */
		0A0CC040251533830067F663 /* Build configuration list for PBXProject "Diometro" */ = {
			isa = XCConfigurationList;
			buildConfigurations = (
				0A0CC052251533840067F663 /* Debug */,
				0A0CC053251533840067F663 /* Release */,
			);
			defaultConfigurationIsVisible = 0;
			defaultConfigurationName = Release;
		};
		0A0CC054251533840067F663 /* Build configuration list for PBXNativeTarget "Diometro" */ = {
			isa = XCConfigurationList;
			buildConfigurations = (
				0A0CC055251533840067F663 /* Debug */,
				0A0CC056251533840067F663 /* Release */,
			);
			defaultConfigurationIsVisible = 0;
			defaultConfigurationName = Release;
		};
/* End XCConfigurationList section */
	};
	rootObject = 0A0CC03D251533830067F663 /* Project object */;
}
